<Solution>
  <Project Path="Timberborn.ModExamples.ShantySpeaker.csproj" />
  <Project Path="Timberborn.ModExamples.HelloWorld.csproj" />
  <Project Path="Timberborn.ModdingTools.AssetsManagement.csproj" />
  <Project Path="Timberborn.ModdingTools.Common.csproj" />
  <Project Path="Timberborn.ModdingTools.ModBuilding.csproj" />
  <Project Path="Timberborn.ModdingTools.AssetsImporting.csproj" />
  <Project Path="Grant.BeaverTaskDisplay.csproj" />
</Solution>
